
Microsoft Visual Studio Solution File, Format Version 12.00
# Visual Studio Version 17
VisualStudioVersion = 17.3.32929.385
MinimumVisualStudioVersion = 10.0.40219.1
Project("{9A19103F-16F7-4668-BE54-9A1E7A4F7556}") = "Aviation.API", "Aviation.API\Aviation.API.csproj", "{F812DD2E-2FFD-4AA6-8D05-B8D7F887F79B}"
EndProject
Project("{FAE04EC0-301F-11D3-BF4B-00C04F79EFBC}") = "Aviation.DAL", "Aviation.DAL\Aviation.DAL.csproj", "{B66063A6-71E5-4CCF-BF65-8A61ADF82189}"
EndProject
Project("{FAE04EC0-301F-11D3-BF4B-00C04F79EFBC}") = "Aviation.BL", "Aviation.BL\Aviation.BL.csproj", "{90FA764B-E01F-4E72-B4C0-764170E64603}"
EndProject
Global
	GlobalSection(SolutionConfigurationPlatforms) = preSolution
		Debug|Any CPU = Debug|Any CPU
		Release|Any CPU = Release|Any CPU
	EndGlobalSection
	GlobalSection(ProjectConfigurationPlatforms) = postSolution
		{F812DD2E-2FFD-4AA6-8D05-B8D7F887F79B}.Debug|Any CPU.ActiveCfg = Debug|Any CPU
		{F812DD2E-2FFD-4AA6-8D05-B8D7F887F79B}.Debug|Any CPU.Build.0 = Debug|Any CPU
		{F812DD2E-2FFD-4AA6-8D05-B8D7F887F79B}.Release|Any CPU.ActiveCfg = Release|Any CPU
		{F812DD2E-2FFD-4AA6-8D05-B8D7F887F79B}.Release|Any CPU.Build.0 = Release|Any CPU
		{B66063A6-71E5-4CCF-BF65-8A61ADF82189}.Debug|Any CPU.ActiveCfg = Debug|Any CPU
		{B66063A6-71E5-4CCF-BF65-8A61ADF82189}.Debug|Any CPU.Build.0 = Debug|Any CPU
		{B66063A6-71E5-4CCF-BF65-8A61ADF82189}.Release|Any CPU.ActiveCfg = Release|Any CPU
		{B66063A6-71E5-4CCF-BF65-8A61ADF82189}.Release|Any CPU.Build.0 = Release|Any CPU
		{90FA764B-E01F-4E72-B4C0-764170E64603}.Debug|Any CPU.ActiveCfg = Debug|Any CPU
		{90FA764B-E01F-4E72-B4C0-764170E64603}.Debug|Any CPU.Build.0 = Debug|Any CPU
		{90FA764B-E01F-4E72-B4C0-764170E64603}.Release|Any CPU.ActiveCfg = Release|Any CPU
		{90FA764B-E01F-4E72-B4C0-764170E64603}.Release|Any CPU.Build.0 = Release|Any CPU
	EndGlobalSection
	GlobalSection(SolutionProperties) = preSolution
		HideSolutionNode = FALSE
	EndGlobalSection
	GlobalSection(ExtensibilityGlobals) = postSolution
		SolutionGuid = {5BB7A28E-5E57-4863-933F-9D039A9A50F0}
	EndGlobalSection
EndGlobal
